// !$*UTF8*$!
{
	archiveVersion = 1;
	classes = {
	};
	objectVersion = 77;
	objects = {

/* Begin PBXBuildFile section */
		D075D7F22E11E46700AA9C20 /* Supabase in Frameworks */ = {isa = PBXBuildFile; productRef = D0880CC12C11F4D400F16AF3 /* Supabase */; };
/* End PBXBuildFile section */

/* Begin PBXContainerItemProxy section */
		D08807B12E11BACD00F16AF3 /* PBXContainerItemProxy */ = {
			isa = PBXContainerItemProxy;
			containerPortal = D088079A2E11BACB00F16AF3 /* Project object */;
			proxyType = 1;
			remoteGlobalIDString = D08807A12E11BACB00F16AF3;
			remoteInfo = CrewBooklet;
		};
		D08807BB2E11BACD00F16AF3 /* PBXContainerItemProxy */ = {
			isa = PBXContainerItemProxy;
			containerPortal = D088079A2E11BACB00F16AF3 /* Project object */;
			proxyType = 1;
			remoteGlobalIDString = D08807A12E11BACB00F16AF3;
			remoteInfo = CrewBooklet;
		};
/* End PBXContainerItemProxy section */

/* Begin PBXFileReference section */
		D08807A22E11BACB00F16AF3 /* CrewBooklet.app */ = {isa = PBXFileReference; explicitFileType = wrapper.application; includeInIndex = 0; path = CrewBooklet.app; sourceTree = BUILT_PRODUCTS_DIR; };
		D08807B02E11BACD00F16AF3 /* CrewBookletTests.xctest */ = {isa = PBXFileReference; explicitFileType = wrapper.cfbundle; includeInIndex = 0; path = CrewBookletTests.xctest; sourceTree = BUILT_PRODUCTS_DIR; };
		D08807BA2E11BACD00F16AF3 /* CrewBookletUITests.xctest */ = {isa = PBXFileReference; explicitFileType = wrapper.cfbundle; includeInIndex = 0; path = CrewBookletUITests.xctest; sourceTree = BUILT_PRODUCTS_DIR; };
/* End PBXFileReference section */

/* Begin PBXFileSystemSynchronizedRootGroup section */
		D08807A42E11BACB00F16AF3 /* CrewBooklet */ = {
			isa = PBXFileSystemSynchronizedRootGroup;
			path = CrewBooklet;
			sourceTree = "<group>";
		};
		D08807B32E11BACD00F16AF3 /* CrewBookletTests */ = {
			isa = PBXFileSystemSynchronizedRootGroup;
			path = CrewBookletTests;
			sourceTree = "<group>";
		};
		D08807BD2E11BACD00F16AF3 /* CrewBookletUITests */ = {
			isa = PBXFileSystemSynchronizedRootGroup;
			path = CrewBookletUITests;
			sourceTree = "<group>";
		};
/* End PBXFileSystemSynchronizedRootGroup section */

/* Begin PBXFrameworksBuildPhase section */
		D088079F2E11BACB00F16AF3 /* Frameworks */ = {
			isa = PBXFrameworksBuildPhase;
			buildActionMask = 2147483647;
			files = (
				D075D7F22E11E46700AA9C20 /* Supabase in Frameworks */,
			);
			runOnlyForDeploymentPostprocessing = 0;
		};
		D08807AD2E11BACD00F16AF3 /* Frameworks */ = {
			isa = PBXFrameworksBuildPhase;
			buildActionMask = 2147483647;
			files = (
			);
			runOnlyForDeploymentPostprocessing = 0;
		};
		D08807B72E11BACD00F16AF3 /* Frameworks */ = {
			isa = PBXFrameworksBuildPhase;
			buildActionMask = 2147483647;
			files = (
			);
			runOnlyForDeploymentPostprocessing = 0;
		};
/* End PBXFrameworksBuildPhase section */

/* Begin PBXGroup section */
		D08807992E11BACB00F16AF3 = {
			isa = PBXGroup;
			children = (
				D08807A42E11BACB00F16AF3 /* CrewBooklet */,
				D08807B32E11BACD00F16AF3 /* CrewBookletTests */,
				D08807BD2E11BACD00F16AF3 /* CrewBookletUITests */,
				D08807A32E11BACB00F16AF3 /* Products */,
			);
			sourceTree = "<group>";
		};
		D08807A32E11BACB00F16AF3 /* Products */ = {
			isa = PBXGroup;
			children = (
				D08807A22E11BACB00F16AF3 /* CrewBooklet.app */,
				D08807B02E11BACD00F16AF3 /* CrewBookletTests.xctest */,
				D08807BA2E11BACD00F16AF3 /* CrewBookletUITests.xctest */,
			);
			name = Products;
			sourceTree = "<group>";
		};
/* End PBXGroup section */

/* Begin PBXNativeTarget section */
		D08807A12E11BACB00F16AF3 /* CrewBooklet */ = {
			isa = PBXNativeTarget;
			buildConfigurationList = D08807C42E11BACD00F16AF3 /* Build configuration list for PBXNativeTarget "CrewBooklet" */;
			buildPhases = (
				D088079E2E11BACB00F16AF3 /* Sources */,
				D088079F2E11BACB00F16AF3 /* Frameworks */,
				D08807A02E11BACB00F16AF3 /* Resources */,
			);
			buildRules = (
			);
			dependencies = (
			);
			fileSystemSynchronizedGroups = (
				D08807A42E11BACB00F16AF3 /* CrewBooklet */,
			);
			name = CrewBooklet;
			packageProductDependencies = (
				D0880CC12C11F4D400F16AF3 /* Supabase */,
			);
			productName = CrewBooklet;
			productReference = D08807A22E11BACB00F16AF3 /* CrewBooklet.app */;
			productType = "com.apple.product-type.application";
		};
		D08807AF2E11BACD00F16AF3 /* CrewBookletTests */ = {
			isa = PBXNativeTarget;
			buildConfigurationList = D08807C72E11BACD00F16AF3 /* Build configuration list for PBXNativeTarget "CrewBookletTests" */;
			buildPhases = (
				D08807AC2E11BACD00F16AF3 /* Sources */,
				D08807AD2E11BACD00F16AF3 /* Frameworks */,
				D08807AE2E11BACD00F16AF3 /* Resources */,
			);
			buildRules = (
			);
			dependencies = (
				D08807B22E11BACD00F16AF3 /* PBXTargetDependency */,
			);
			fileSystemSynchronizedGroups = (
				D08807B32E11BACD00F16AF3 /* CrewBookletTests */,
			);
			name = CrewBookletTests;
			packageProductDependencies = (
			);
			productName = CrewBookletTests;
			productReference = D08807B02E11BACD00F16AF3 /* CrewBookletTests.xctest */;
			productType = "com.apple.product-type.bundle.unit-test";
		};
		D08807B92E11BACD00F16AF3 /* CrewBookletUITests */ = {
			isa = PBXNativeTarget;
			buildConfigurationList = D08807CA2E11BACD00F16AF3 /* Build configuration list for PBXNativeTarget "CrewBookletUITests" */;
			buildPhases = (
				D08807B62E11BACD00F16AF3 /* Sources */,
				D08807B72E11BACD00F16AF3 /* Frameworks */,
				D08807B82E11BACD00F16AF3 /* Resources */,
			);
			buildRules = (
			);
			dependencies = (
				D08807BC2E11BACD00F16AF3 /* PBXTargetDependency */,
			);
			fileSystemSynchronizedGroups = (
				D08807BD2E11BACD00F16AF3 /* CrewBookletUITests */,
			);
			name = CrewBookletUITests;
			packageProductDependencies = (
			);
			productName = CrewBookletUITests;
			productReference = D08807BA2E11BACD00F16AF3 /* CrewBookletUITests.xctest */;
			productType = "com.apple.product-type.bundle.ui-testing";
		};
/* End PBXNativeTarget section */

/* Begin PBXProject section */
		D088079A2E11BACB00F16AF3 /* Project object */ = {
			isa = PBXProject;
			attributes = {
				BuildIndependentTargetsInParallel = 1;
				LastSwiftUpdateCheck = 1640;
				LastUpgradeCheck = 1640;
				TargetAttributes = {
					D08807A12E11BACB00F16AF3 = {
						CreatedOnToolsVersion = 16.4;
					};
					D08807AF2E11BACD00F16AF3 = {
						CreatedOnToolsVersion = 16.4;
						TestTargetID = D08807A12E11BACB00F16AF3;
					};
					D08807B92E11BACD00F16AF3 = {
						CreatedOnToolsVersion = 16.4;
						TestTargetID = D08807A12E11BACB00F16AF3;
					};
				};
			};
			buildConfigurationList = D088079D2E11BACB00F16AF3 /* Build configuration list for PBXProject "CrewBooklet" */;
			developmentRegion = en;
			hasScannedForEncodings = 0;
			knownRegions = (
				en,
				Base,
			);
			mainGroup = D08807992E11BACB00F16AF3;
			minimizedProjectReferenceProxies = 1;
			packageReferences = (
				D0880CC02C11F4D400F16AF3 /* XCRemoteSwiftPackageReference "supabase-swift" */,
			);
			preferredProjectObjectVersion = 77;
			productRefGroup = D08807A32E11BACB00F16AF3 /* Products */;
			projectDirPath = "";
			projectRoot = "";
			targets = (
				D08807A12E11BACB00F16AF3 /* CrewBooklet */,
				D08807AF2E11BACD00F16AF3 /* CrewBookletTests */,
				D08807B92E11BACD00F16AF3 /* CrewBookletUITests */,
			);
		};
/* End PBXProject section */

/* Begin PBXResourcesBuildPhase section */
		D08807A02E11BACB00F16AF3 /* Resources */ = {
			isa = PBXResourcesBuildPhase;
			buildActionMask = 2147483647;
			files = (
			);
			runOnlyForDeploymentPostprocessing = 0;
		};
		D08807AE2E11BACD00F16AF3 /* Resources */ = {
			isa = PBXResourcesBuildPhase;
			buildActionMask = 2147483647;
			files = (
			);
			runOnlyForDeploymentPostprocessing = 0;
		};
		D08807B82E11BACD00F16AF3 /* Resources */ = {
			isa = PBXResourcesBuildPhase;
			buildActionMask = 2147483647;
			files = (
			);
			runOnlyForDeploymentPostprocessing = 0;
		};
/* End PBXResourcesBuildPhase section */

/* Begin PBXSourcesBuildPhase section */
		D088079E2E11BACB00F16AF3 /* Sources */ = {
			isa = PBXSourcesBuildPhase;
			buildActionMask = 2147483647;
			files = (
			);
			runOnlyForDeploymentPostprocessing = 0;
		};
		D08807AC2E11BACD00F16AF3 /* Sources */ = {
			isa = PBXSourcesBuildPhase;
			buildActionMask = 2147483647;
			files = (
			);
			runOnlyForDeploymentPostprocessing = 0;
		};
		D08807B62E11BACD00F16AF3 /* Sources */ = {
			isa = PBXSourcesBuildPhase;
			buildActionMask = 2147483647;
			files = (
			);
			runOnlyForDeploymentPostprocessing = 0;
		};
/* End PBXSourcesBuildPhase section */

/* Begin PBXTargetDependency section */
		D08807B22E11BACD00F16AF3 /* PBXTargetDependency */ = {
			isa = PBXTargetDependency;
			target = D08807A12E11BACB00F16AF3 /* CrewBooklet */;
			targetProxy = D08807B12E11BACD00F16AF3 /* PBXContainerItemProxy */;
		};
		D08807BC2E11BACD00F16AF3 /* PBXTargetDependency */ = {
			isa = PBXTargetDependency;
			target = D08807A12E11BACB00F16AF3 /* CrewBooklet */;
			targetProxy = D08807BB2E11BACD00F16AF3 /* PBXContainerItemProxy */;
		};
/* End PBXTargetDependency section */

/* Begin XCBuildConfiguration section */
		D08807C22E11BACD00F16AF3 /* Debug */ = {
			isa = XCBuildConfiguration;
			buildSettings = {
				ALWAYS_SEARCH_USER_PATHS = NO;
				ASSETCATALOG_COMPILER_GENERATE_SWIFT_ASSET_SYMBOL_EXTENSIONS = YES;
				CLANG_ANALYZER_NONNULL = YES;
				CLANG_ANALYZER_NUMBER_OBJECT_CONVERSION = YES_AGGRESSIVE;
				CLANG_CXX_LANGUAGE_STANDARD = "gnu++20";
				CLANG_ENABLE_MODULES = YES;
				CLANG_ENABLE_OBJC_ARC = YES;
				CLANG_ENABLE_OBJC_WEAK = YES;
				CLANG_WARN_BLOCK_CAPTURE_AUTORELEASING = YES;
				CLANG_WARN_BOOL_CONVERSION = YES;
				CLANG_WARN_COMMA = YES;
				CLANG_WARN_CONSTANT_CONVERSION = YES;
				CLANG_WARN_DEPRECATED_OBJC_IMPLEMENTATIONS = YES;
				CLANG_WARN_DIRECT_OBJC_ISA_USAGE = YES_ERROR;
				CLANG_WARN_DOCUMENTATION_COMMENTS = YES;
				CLANG_WARN_EMPTY_BODY = YES;
				CLANG_WARN_ENUM_CONVERSION = YES;
				CLANG_WARN_INFINITE_RECURSION = YES;
				CLANG_WARN_INT_CONVERSION = YES;
				CLANG_WARN_NON_LITERAL_NULL_CONVERSION = YES;
				CLANG_WARN_OBJC_IMPLICIT_RETAIN_SELF = YES;
				CLANG_WARN_OBJC_LITERAL_CONVERSION = YES;
				CLANG_WARN_OBJC_ROOT_CLASS = YES_ERROR;
				CLANG_WARN_QUOTED_INCLUDE_IN_FRAMEWORK_HEADER = YES;
				CLANG_WARN_RANGE_LOOP_ANALYSIS = YES;
				CLANG_WARN_STRICT_PROTOTYPES = YES;
				CLANG_WARN_SUSPICIOUS_MOVE = YES;
				CLANG_WARN_UNGUARDED_AVAILABILITY = YES_AGGRESSIVE;
				CLANG_WARN_UNREACHABLE_CODE = YES;
				CLANG_WARN__DUPLICATE_METHOD_MATCH = YES;
				COPY_PHASE_STRIP = NO;
				DEBUG_INFORMATION_FORMAT = dwarf;
				DEVELOPMENT_TEAM = R4N6B352LC;
				ENABLE_STRICT_OBJC_MSGSEND = YES;
				ENABLE_TESTABILITY = YES;
				ENABLE_USER_SCRIPT_SANDBOXING = YES;
				GCC_C_LANGUAGE_STANDARD = gnu17;
				GCC_DYNAMIC_NO_PIC = NO;
				GCC_NO_COMMON_BLOCKS = YES;
				GCC_OPTIMIZATION_LEVEL = 0;
				GCC_PREPROCESSOR_DEFINITIONS = (
					"DEBUG=1",
					"$(inherited)",
				);
				GCC_WARN_64_TO_32_BIT_CONVERSION = YES;
				GCC_WARN_ABOUT_RETURN_TYPE = YES_ERROR;
				GCC_WARN_UNDECLARED_SELECTOR = YES;
				GCC_WARN_UNINITIALIZED_AUTOS = YES_AGGRESSIVE;
				GCC_WARN_UNUSED_FUNCTION = YES;
				GCC_WARN_UNUSED_VARIABLE = YES;
				LOCALIZATION_PREFERS_STRING_CATALOGS = YES;
				MACOSX_DEPLOYMENT_TARGET = 15.5;
				MTL_ENABLE_DEBUG_INFO = INCLUDE_SOURCE;
				MTL_FAST_MATH = YES;
				ONLY_ACTIVE_ARCH = YES;
				SDKROOT = macosx;
				SWIFT_ACTIVE_COMPILATION_CONDITIONS = "DEBUG $(inherited)";
				SWIFT_OPTIMIZATION_LEVEL = "-Onone";
			};
			name = Debug;
		};
		D08807C32E11BACD00F16AF3 /* Release */ = {
			isa = XCBuildConfiguration;
			buildSettings = {
				ALWAYS_SEARCH_USER_PATHS = NO;
				ASSETCATALOG_COMPILER_GENERATE_SWIFT_ASSET_SYMBOL_EXTENSIONS = YES;
				CLANG_ANALYZER_NONNULL = YES;
				CLANG_ANALYZER_NUMBER_OBJECT_CONVERSION = YES_AGGRESSIVE;
				CLANG_CXX_LANGUAGE_STANDARD = "gnu++20";
				CLANG_ENABLE_MODULES = YES;
				CLANG_ENABLE_OBJC_ARC = YES;
				CLANG_ENABLE_OBJC_WEAK = YES;
				CLANG_WARN_BLOCK_CAPTURE_AUTORELEASING = YES;
				CLANG_WARN_BOOL_CONVERSION = YES;
				CLANG_WARN_COMMA = YES;
				CLANG_WARN_CONSTANT_CONVERSION = YES;
				CLANG_WARN_DEPRECATED_OBJC_IMPLEMENTATIONS = YES;
				CLANG_WARN_DIRECT_OBJC_ISA_USAGE = YES_ERROR;
				CLANG_WARN_DOCUMENTATION_COMMENTS = YES;
				CLANG_WARN_EMPTY_BODY = YES;
				CLANG_WARN_ENUM_CONVERSION = YES;
				CLANG_WARN_INFINITE_RECURSION = YES;
				CLANG_WARN_INT_CONVERSION = YES;
				CLANG_WARN_NON_LITERAL_NULL_CONVERSION = YES;
				CLANG_WARN_OBJC_IMPLICIT_RETAIN_SELF = YES;
				CLANG_WARN_OBJC_LITERAL_CONVERSION = YES;
				CLANG_WARN_OBJC_ROOT_CLASS = YES_ERROR;
				CLANG_WARN_QUOTED_INCLUDE_IN_FRAMEWORK_HEADER = YES;
				CLANG_WARN_RANGE_LOOP_ANALYSIS = YES;
				CLANG_WARN_STRICT_PROTOTYPES = YES;
				CLANG_WARN_SUSPICIOUS_MOVE = YES;
				CLANG_WARN_UNGUARDED_AVAILABILITY = YES_AGGRESSIVE;
				CLANG_WARN_UNREACHABLE_CODE = YES;
				CLANG_WARN__DUPLICATE_METHOD_MATCH = YES;
				COPY_PHASE_STRIP = NO;
				DEBUG_INFORMATION_FORMAT = "dwarf-with-dsym";
				DEVELOPMENT_TEAM = R4N6B352LC;
				ENABLE_NS_ASSERTIONS = NO;
				ENABLE_STRICT_OBJC_MSGSEND = YES;
				ENABLE_USER_SCRIPT_SANDBOXING = YES;
				GCC_C_LANGUAGE_STANDARD = gnu17;
				GCC_NO_COMMON_BLOCKS = YES;
				GCC_WARN_64_TO_32_BIT_CONVERSION = YES;
				GCC_WARN_ABOUT_RETURN_TYPE = YES_ERROR;
				GCC_WARN_UNDECLARED_SELECTOR = YES;
				GCC_WARN_UNINITIALIZED_AUTOS = YES_AGGRESSIVE;
				GCC_WARN_UNUSED_FUNCTION = YES;
				GCC_WARN_UNUSED_VARIABLE = YES;
				LOCALIZATION_PREFERS_STRING_CATALOGS = YES;
				MACOSX_DEPLOYMENT_TARGET = 15.5;
				MTL_ENABLE_DEBUG_INFO = NO;
				MTL_FAST_MATH = YES;
				SDKROOT = macosx;
				SWIFT_COMPILATION_MODE = wholemodule;
			};
			name = Release;
		};
		D08807C52E11BACD00F16AF3 /* Debug */ = {
			isa = XCBuildConfiguration;
			buildSettings = {
				ASSETCATALOG_COMPILER_APPICON_NAME = AppIcon;
				ASSETCATALOG_COMPILER_GLOBAL_ACCENT_COLOR_NAME = AccentColor;
				CODE_SIGN_ENTITLEMENTS = CrewBooklet/CrewBooklet.entitlements;
				CODE_SIGN_STYLE = Automatic;
				COMBINE_HIDPI_IMAGES = YES;
				CURRENT_PROJECT_VERSION = 1;
				DEVELOPMENT_TEAM = R4N6B352LC;
				ENABLE_HARDENED_RUNTIME = YES;
				ENABLE_PREVIEWS = YES;
				GENERATE_INFOPLIST_FILE = YES;
				INFOPLIST_KEY_NSHumanReadableCopyright = "";
				LD_RUNPATH_SEARCH_PATHS = (
					"$(inherited)",
					"@executable_path/../Frameworks",
				);
				MARKETING_VERSION = 1.0;
				PRODUCT_BUNDLE_IDENTIFIER = com.yourname.cvgenerator.CrewBook;
				PRODUCT_NAME = "$(TARGET_NAME)";
				REGISTER_APP_GROUPS = YES;
				SWIFT_EMIT_LOC_STRINGS = YES;
				SWIFT_VERSION = 5.0;
			};
			name = Debug;
		};
		D08807C62E11BACD00F16AF3 /* Release */ = {
			isa = XCBuildConfiguration;
			buildSettings = {
				ASSETCATALOG_COMPILER_APPICON_NAME = AppIcon;
				ASSETCATALOG_COMPILER_GLOBAL_ACCENT_COLOR_NAME = AccentColor;
				CODE_SIGN_ENTITLEMENTS = CrewBooklet/CrewBooklet.entitlements;
				CODE_SIGN_STYLE = Automatic;
				COMBINE_HIDPI_IMAGES = YES;
				CURRENT_PROJECT_VERSION = 1;
				DEVELOPMENT_TEAM = R4N6B352LC;
				ENABLE_HARDENED_RUNTIME = YES;
				ENABLE_PREVIEWS = YES;
				GENERATE_INFOPLIST_FILE = YES;
				INFOPLIST_KEY_NSHumanReadableCopyright = "";
				LD_RUNPATH_SEARCH_PATHS = (
					"$(inherited)",
					"@executable_path/../Frameworks",
				);
				MARKETING_VERSION = 1.0;
				PRODUCT_BUNDLE_IDENTIFIER = com.yourname.cvgenerator.CrewBook;
				PRODUCT_NAME = "$(TARGET_NAME)";
				REGISTER_APP_GROUPS = YES;
				SWIFT_EMIT_LOC_STRINGS = YES;
				SWIFT_VERSION = 5.0;
			};
			name = Release;
		};
		D08807C82E11BACD00F16AF3 /* Debug */ = {
			isa = XCBuildConfiguration;
			buildSettings = {
				BUNDLE_LOADER = "$(TEST_HOST)";
				CODE_SIGN_STYLE = Automatic;
				CURRENT_PROJECT_VERSION = 1;
				DEVELOPMENT_TEAM = R4N6B352LC;
				GENERATE_INFOPLIST_FILE = YES;
				MACOSX_DEPLOYMENT_TARGET = 15.5;
				MARKETING_VERSION = 1.0;
				PRODUCT_BUNDLE_IDENTIFIER = com.yourname.cvgenerator.CrewBookletTests;
				PRODUCT_NAME = "$(TARGET_NAME)";
				SWIFT_EMIT_LOC_STRINGS = NO;
				SWIFT_VERSION = 5.0;
				TEST_HOST = "$(BUILT_PRODUCTS_DIR)/CrewBooklet.app/$(BUNDLE_EXECUTABLE_FOLDER_PATH)/CrewBooklet";
			};
			name = Debug;
		};
		D08807C92E11BACD00F16AF3 /* Release */ = {
			isa = XCBuildConfiguration;
			buildSettings = {
				BUNDLE_LOADER = "$(TEST_HOST)";
				CODE_SIGN_STYLE = Automatic;
				CURRENT_PROJECT_VERSION = 1;
				DEVELOPMENT_TEAM = R4N6B352LC;
				GENERATE_INFOPLIST_FILE = YES;
				MACOSX_DEPLOYMENT_TARGET = 15.5;
				MARKETING_VERSION = 1.0;
				PRODUCT_BUNDLE_IDENTIFIER = com.yourname.cvgenerator.CrewBookletTests;
				PRODUCT_NAME = "$(TARGET_NAME)";
				SWIFT_EMIT_LOC_STRINGS = NO;
				SWIFT_VERSION = 5.0;
				TEST_HOST = "$(BUILT_PRODUCTS_DIR)/CrewBooklet.app/$(BUNDLE_EXECUTABLE_FOLDER_PATH)/CrewBooklet";
			};
			name = Release;
		};
		D08807CB2E11BACD00F16AF3 /* Debug */ = {
			isa = XCBuildConfiguration;
			buildSettings = {
				CODE_SIGN_STYLE = Automatic;
				CURRENT_PROJECT_VERSION = 1;
				DEVELOPMENT_TEAM = R4N6B352LC;
				GENERATE_INFOPLIST_FILE = YES;
				MARKETING_VERSION = 1.0;
				PRODUCT_BUNDLE_IDENTIFIER = com.yourname.cvgenerator.CrewBookletUITests;
				PRODUCT_NAME = "$(TARGET_NAME)";
				SWIFT_EMIT_LOC_STRINGS = NO;
				SWIFT_VERSION = 5.0;
				TEST_TARGET_NAME = CrewBooklet;
			};
			name = Debug;
		};
		D08807CC2E11BACD00F16AF3 /* Release */ = {
			isa = XCBuildConfiguration;
			buildSettings = {
				CODE_SIGN_STYLE = Automatic;
				CURRENT_PROJECT_VERSION = 1;
				DEVELOPMENT_TEAM = R4N6B352LC;
				GENERATE_INFOPLIST_FILE = YES;
				MARKETING_VERSION = 1.0;
				PRODUCT_BUNDLE_IDENTIFIER = com.yourname.cvgenerator.CrewBookletUITests;
				PRODUCT_NAME = "$(TARGET_NAME)";
				SWIFT_EMIT_LOC_STRINGS = NO;
				SWIFT_VERSION = 5.0;
				TEST_TARGET_NAME = CrewBooklet;
			};
			name = Release;
		};
/* End XCBuildConfiguration section */

/* Begin XCConfigurationList section */
		D088079D2E11BACB00F16AF3 /* Build configuration list for PBXProject "CrewBooklet" */ = {
			isa = XCConfigurationList;
			buildConfigurations = (
				D08807C22E11BACD00F16AF3 /* Debug */,
				D08807C32E11BACD00F16AF3 /* Release */,
			);
			defaultConfigurationIsVisible = 0;
			defaultConfigurationName = Release;
		};
		D08807C42E11BACD00F16AF3 /* Build configuration list for PBXNativeTarget "CrewBooklet" */ = {
			isa = XCConfigurationList;
			buildConfigurations = (
				D08807C52E11BACD00F16AF3 /* Debug */,
				D08807C62E11BACD00F16AF3 /* Release */,
			);
			defaultConfigurationIsVisible = 0;
			defaultConfigurationName = Release;
		};
		D08807C72E11BACD00F16AF3 /* Build configuration list for PBXNativeTarget "CrewBookletTests" */ = {
			isa = XCConfigurationList;
			buildConfigurations = (
				D08807C82E11BACD00F16AF3 /* Debug */,
				D08807C92E11BACD00F16AF3 /* Release */,
			);
			defaultConfigurationIsVisible = 0;
			defaultConfigurationName = Release;
		};
		D08807CA2E11BACD00F16AF3 /* Build configuration list for PBXNativeTarget "CrewBookletUITests" */ = {
			isa = XCConfigurationList;
			buildConfigurations = (
				D08807CB2E11BACD00F16AF3 /* Debug */,
				D08807CC2E11BACD00F16AF3 /* Release */,
			);
			defaultConfigurationIsVisible = 0;
			defaultConfigurationName = Release;
		};
/* End XCConfigurationList section */

/* Begin XCRemoteSwiftPackageReference section */
		D0880CC02C11F4D400F16AF3 /* XCRemoteSwiftPackageReference "supabase-swift" */ = {
			isa = XCRemoteSwiftPackageReference;
			repositoryURL = "https://github.com/supabase/supabase-swift";
			requirement = {
				kind = upToNextMajorVersion;
				minimumVersion = 2.0.0;
			};
		};
/* End XCRemoteSwiftPackageReference section */

/* Begin XCSwiftPackageProductDependency section */
		D0880CC12C11F4D400F16AF3 /* Supabase */ = {
			isa = XCSwiftPackageProductDependency;
			package = D0880CC02C11F4D400F16AF3 /* XCRemoteSwiftPackageReference "supabase-swift" */;
			productName = Supabase;
		};
/* End XCSwiftPackageProductDependency section */
	};
	rootObject = D088079A2E11BACB00F16AF3 /* Project object */;
}
